{
  "originHash" : "58620475b326837784365601e24dfb547c7df2220c710fff8023a611cf5c1944",
  "pins" : [
    {
      "identity" : "plaid-link-ios-spm",
      "kind" : "remoteSourceControl",
      "location" : "https://github.com/plaid/plaid-link-ios-spm",
      "state" : {
        "revision" : "1a4e2241f8968deebd3ecd9ebc128fa91ccc9f49",
        "version" : "6.4.7"
      }
    }
  ],
  "version" : 3
}
